
Microsoft Visual Studio Solution File, Format Version 12.00
# Visual Studio Version 16
VisualStudioVersion = 16.0.31205.134
MinimumVisualStudioVersion = 10.0.40219.1
Project("{9A19103F-16F7-4668-BE54-9A1E7A4F7556}") = "SecurityOrgPrj", "SecurityOrgPrj\SecurityOrgPrj.csproj", "{40ACB5AC-4D3E-47BA-BA0D-9F115EFD6BDD}"
EndProject
Global
	GlobalSection(SolutionConfigurationPlatforms) = preSolution
		Debug|Any CPU = Debug|Any CPU
		Debug|x86 = Debug|x86
		Release|Any CPU = Release|Any CPU
		Release|x86 = Release|x86
	EndGlobalSection
	GlobalSection(ProjectConfigurationPlatforms) = postSolution
		{40ACB5AC-4D3E-47BA-BA0D-9F115EFD6BDD}.Debug|Any CPU.ActiveCfg = Debug|Any CPU
		{40ACB5AC-4D3E-47BA-BA0D-9F115EFD6BDD}.Debug|Any CPU.Build.0 = Debug|Any CPU
		{40ACB5AC-4D3E-47BA-BA0D-9F115EFD6BDD}.Debug|x86.ActiveCfg = Debug|x86
		{40ACB5AC-4D3E-47BA-BA0D-9F115EFD6BDD}.Debug|x86.Build.0 = Debug|x86
		{40ACB5AC-4D3E-47BA-BA0D-9F115EFD6BDD}.Release|Any CPU.ActiveCfg = Release|Any CPU
		{40ACB5AC-4D3E-47BA-BA0D-9F115EFD6BDD}.Release|Any CPU.Build.0 = Release|Any CPU
		{40ACB5AC-4D3E-47BA-BA0D-9F115EFD6BDD}.Release|x86.ActiveCfg = Release|x86
		{40ACB5AC-4D3E-47BA-BA0D-9F115EFD6BDD}.Release|x86.Build.0 = Release|x86
	EndGlobalSection
	GlobalSection(SolutionProperties) = preSolution
		HideSolutionNode = FALSE
	EndGlobalSection
	GlobalSection(ExtensibilityGlobals) = postSolution
		SolutionGuid = {1D8A116F-7AE6-4A30-9701-E924E44E2793}
	EndGlobalSection
EndGlobal
